
Microsoft Visual Studio Solution File, Format Version 12.00
# Visual Studio Version 16
VisualStudioVersion = 16.0.31702.278
MinimumVisualStudioVersion = 10.0.40219.1
Project("{FAE04EC0-301F-11D3-BF4B-00C04F79EFBC}") = "otoğark otomasyonu", "otoğark otomasyonu\otoğark otomasyonu.csproj", "{59B557C7-BB8A-49D3-B2CC-39E01925B276}"
EndProject
Global
	GlobalSection(SolutionConfigurationPlatforms) = preSolution
		Debug|Any CPU = Debug|Any CPU
		Release|Any CPU = Release|Any CPU
	EndGlobalSection
	GlobalSection(ProjectConfigurationPlatforms) = postSolution
		{59B557C7-BB8A-49D3-B2CC-39E01925B276}.Debug|Any CPU.ActiveCfg = Debug|Any CPU
		{59B557C7-BB8A-49D3-B2CC-39E01925B276}.Debug|Any CPU.Build.0 = Debug|Any CPU
		{59B557C7-BB8A-49D3-B2CC-39E01925B276}.Release|Any CPU.ActiveCfg = Release|Any CPU
		{59B557C7-BB8A-49D3-B2CC-39E01925B276}.Release|Any CPU.Build.0 = Release|Any CPU
	EndGlobalSection
	GlobalSection(SolutionProperties) = preSolution
		HideSolutionNode = FALSE
	EndGlobalSection
	GlobalSection(ExtensibilityGlobals) = postSolution
		SolutionGuid = {3E33A354-73D8-4C89-B879-77D5BA366BF8}
	EndGlobalSection
EndGlobal
